
Microsoft Visual Studio Solution File, Format Version 12.00
# Visual Studio Version 16
VisualStudioVersion = 16.0.28714.193
MinimumVisualStudioVersion = 10.0.40219.1
Project("{FAE04EC0-301F-11D3-BF4B-00C04F79EFBC}") = "RussianRouletteReact", "RussianRouletteReact\RussianRouletteReact.csproj", "{0D1B0E44-3AE4-44A4-A8D5-E00EEFC5E07F}"
EndProject
Global
	GlobalSection(SolutionConfigurationPlatforms) = preSolution
		Debug|Any CPU = Debug|Any CPU
		Release|Any CPU = Release|Any CPU
	EndGlobalSection
	GlobalSection(ProjectConfigurationPlatforms) = postSolution
		{0D1B0E44-3AE4-44A4-A8D5-E00EEFC5E07F}.Debug|Any CPU.ActiveCfg = Debug|Any CPU
		{0D1B0E44-3AE4-44A4-A8D5-E00EEFC5E07F}.Debug|Any CPU.Build.0 = Debug|Any CPU
		{0D1B0E44-3AE4-44A4-A8D5-E00EEFC5E07F}.Release|Any CPU.ActiveCfg = Release|Any CPU
		{0D1B0E44-3AE4-44A4-A8D5-E00EEFC5E07F}.Release|Any CPU.Build.0 = Release|Any CPU
	EndGlobalSection
	GlobalSection(SolutionProperties) = preSolution
		HideSolutionNode = FALSE
	EndGlobalSection
	GlobalSection(ExtensibilityGlobals) = postSolution
		SolutionGuid = {6FA8E195-9C39-49B6-97F1-23248A75293D}
	EndGlobalSection
EndGlobal
